<Solution>
  <Configurations>
    <Platform Name="Any CPU" />
    <Platform Name="x64" />
    <Platform Name="x86" />
  </Configurations>
  <Folder Name="/Solution Items/">
    <File Path="Directory.Build.props" />
    <File Path="Directory.Packages.props" />
    <File Path="LICENSE.md" />
    <File Path="README.md" />
  </Folder>
  <Folder Name="/src/">
    <File Path="src/Directory.Build.props" />
    <Project Path="src/EtlPipelines.Abstractions/EtlPipelines.Abstractions.csproj" />
    <Project Path="src/EtlPipelines.Core/EtlPipelines.Core.csproj" />
    <Project Path="src/EtlPipelines.Csv/EtlPipelines.Csv.csproj" />
    <Project Path="src/EtlPipelines.Excel/EtlPipelines.Excel.csproj" />
    <Project Path="src/EtlPipelines.Sql/EtlPipelines.Sql.csproj" />
    <Project Path="src/EtlPipelines.Hosting/EtlPipelines.Hosting.csproj" />
    <Project Path="src/EtlPipelines.Sql.MySql/EtlPipelines.Sql.MySql.csproj" />
    <Project Path="src/EtlPipelines.Sql.Oracle/EtlPipelines.Sql.Oracle.csproj" />
    <Project Path="src/EtlPipelines.Sql.PostgreSql/EtlPipelines.Sql.PostgreSql.csproj" />
    <Project Path="src/EtlPipelines.Sql.Sqlite/EtlPipelines.Sql.Sqlite.csproj" />
    <Project Path="src/EtlPipelines.Sql.SqlServer/EtlPipelines.Sql.SqlServer.csproj" />
  </Folder>
  <Folder Name="/samples/">
    <File Path="samples/Directory.Build.props" />
    <Project Path="samples/Samples.Common/Samples.Common.csproj" />
    <Project Path="samples/Samples.Branching/Samples.Branching.csproj" />
    <Project Path="samples/Samples.CsvToDatabase/Samples.CsvToDatabase.csproj" />
    <Project Path="samples/Samples.CsvToExcel/Samples.CsvToExcel.csproj" />
    <Project Path="samples/Samples.ExcelToSql/Samples.ExcelToSql.csproj" />
    <Project Path="samples/Samples.SqlToWorkbook/Samples.SqlToWorkbook.csproj" />
  </Folder>
  <Folder Name="/tests/">
    <File Path="tests/Directory.Build.props" />
    <Project Path="tests/EtlPipelines.Core.Tests/EtlPipelines.Core.Tests.csproj" />
    <Project Path="tests/EtlPipelines.Csv.Tests/EtlPipelines.Csv.Tests.csproj" />
    <Project Path="tests/EtlPipelines.Excel.Tests/EtlPipelines.Excel.Tests.csproj" />
    <Project Path="tests/EtlPipelines.Samples.Tests/EtlPipelines.Samples.Tests.csproj" />
    <Project Path="tests/EtlPipelines.Sql.Databases.Tests/EtlPipelines.Sql.Databases.Tests.csproj" />
    <Project Path="tests/EtlPipelines.Sql.Tests/EtlPipelines.Sql.Tests.csproj" />
  </Folder>
</Solution>
