<Solution>
  <Configurations>
    <Platform Name="Any CPU" />
    <Platform Name="x64" />
    <Platform Name="x86" />
  </Configurations>
  <Folder Name="/Solution Items/">
    <File Path="Directory.Build.props" />
    <File Path="Directory.Packages.props" />
    <File Path="LICENSE.md" />
    <File Path="README.md" />
  </Folder>
  <Folder Name="/src/">
    <File Path="src/Directory.Build.props" />
    <Project Path="src/EtlPipelines/EtlPipelines.csproj" />
    <Project Path="src/EtlPipelines.Abstractions/EtlPipelines.Abstractions.csproj" />
    <Project Path="src/EtlPipelines.Core/EtlPipelines.Core.csproj" />
    <Project Path="src/EtlPipelines.Hosting/EtlPipelines.Hosting.csproj" />
  </Folder>
  <Folder Name="/extensions/">
    <Project Path="src/EtlPipelines.Extensions.Cli/EtlPipelines.Extensions.Cli.csproj" />
    <Project Path="src/EtlPipelines.Extensions.Csv/EtlPipelines.Extensions.Csv.csproj" />
    <Project Path="src/EtlPipelines.Extensions.Excel/EtlPipelines.Extensions.Excel.csproj" />
    <Project Path="src/EtlPipelines.Extensions.Files/EtlPipelines.Extensions.Files.csproj" />
    <Project Path="src/EtlPipelines.Extensions.Files.Http/EtlPipelines.Extensions.Files.Http.csproj" />
    <Project Path="src/EtlPipelines.Extensions.Files.Sftp/EtlPipelines.Extensions.Files.Sftp.csproj" />
    <Project Path="src/EtlPipelines.Extensions.Sql/EtlPipelines.Extensions.Sql.csproj" />
    <Project Path="src/EtlPipelines.Extensions.Sql.MySql/EtlPipelines.Extensions.Sql.MySql.csproj" />
    <Project Path="src/EtlPipelines.Extensions.Sql.Oracle/EtlPipelines.Extensions.Sql.Oracle.csproj" />
    <Project Path="src/EtlPipelines.Extensions.Sql.PostgreSql/EtlPipelines.Extensions.Sql.PostgreSql.csproj" />
    <Project Path="src/EtlPipelines.Extensions.Sql.Sqlite/EtlPipelines.Extensions.Sql.Sqlite.csproj" />
    <Project Path="src/EtlPipelines.Extensions.Sql.SqlServer/EtlPipelines.Extensions.Sql.SqlServer.csproj" />
  </Folder>
  <Folder Name="/tests/">
    <File Path="tests/Directory.Build.props" />
    <Project Path="tests/EtlPipelines.Core.Tests/EtlPipelines.Core.Tests.csproj" />
    <Project Path="tests/EtlPipelines.Extensions.Cli.Tests/EtlPipelines.Extensions.Cli.Tests.csproj" />
    <Project Path="tests/EtlPipelines.Extensions.Csv.Tests/EtlPipelines.Extensions.Csv.Tests.csproj" />
    <Project Path="tests/EtlPipelines.Extensions.Excel.Tests/EtlPipelines.Extensions.Excel.Tests.csproj" />
    <Project Path="tests/EtlPipelines.Extensions.Files.Servers.Tests/EtlPipelines.Extensions.Files.Servers.Tests.csproj" />
    <Project Path="tests/EtlPipelines.Extensions.Files.Tests/EtlPipelines.Extensions.Files.Tests.csproj" />
    <Project Path="tests/EtlPipelines.Extensions.Sql.Databases.Tests/EtlPipelines.Extensions.Sql.Databases.Tests.csproj" />
    <Project Path="tests/EtlPipelines.Extensions.Sql.Tests/EtlPipelines.Extensions.Sql.Tests.csproj" />
    <Project Path="tests/EtlPipelines.Samples.Tests/EtlPipelines.Samples.Tests.csproj" />
  </Folder>
  <Folder Name="/samples/">
    <Project Path="src/EtlPipelines.Samples.ArchiveToDatabase/EtlPipelines.Samples.ArchiveToDatabase.csproj" />
    <Project Path="src/EtlPipelines.Samples.Branching/EtlPipelines.Samples.Branching.csproj" />
    <Project Path="src/EtlPipelines.Samples.CsvToDatabase/EtlPipelines.Samples.CsvToDatabase.csproj" />
    <Project Path="src/EtlPipelines.Samples.CsvToExcel/EtlPipelines.Samples.CsvToExcel.csproj" />
    <Project Path="src/EtlPipelines.Samples.ExcelToSql/EtlPipelines.Samples.ExcelToSql.csproj" />
    <Project Path="src/EtlPipelines.Samples.SqlToWorkbook/EtlPipelines.Samples.SqlToWorkbook.csproj" />
  </Folder>
</Solution>
